
Microsoft Visual Studio Solution File, Format Version 12.00
# Visual Studio Version 17
VisualStudioVersion = 17.2.32602.215
MinimumVisualStudioVersion = 10.0.40219.1
Project("{9A19103F-16F7-4668-BE54-9A1E7A4F7556}") = "Scraping", "Scraping\Scraping.csproj", "{D5BF6B84-FC6D-4AFD-958E-B3DA915567B3}"
EndProject
Global
	GlobalSection(SolutionConfigurationPlatforms) = preSolution
		Debug|Any CPU = Debug|Any CPU
		Release|Any CPU = Release|Any CPU
	EndGlobalSection
	GlobalSection(ProjectConfigurationPlatforms) = postSolution
		{D5BF6B84-FC6D-4AFD-958E-B3DA915567B3}.Debug|Any CPU.ActiveCfg = Debug|Any CPU
		{D5BF6B84-FC6D-4AFD-958E-B3DA915567B3}.Debug|Any CPU.Build.0 = Debug|Any CPU
		{D5BF6B84-FC6D-4AFD-958E-B3DA915567B3}.Release|Any CPU.ActiveCfg = Release|Any CPU
		{D5BF6B84-FC6D-4AFD-958E-B3DA915567B3}.Release|Any CPU.Build.0 = Release|Any CPU
	EndGlobalSection
	GlobalSection(SolutionProperties) = preSolution
		HideSolutionNode = FALSE
	EndGlobalSection
	GlobalSection(ExtensibilityGlobals) = postSolution
		SolutionGuid = {088EDC1C-5E20-459C-BDD6-72F1C06B86D3}
	EndGlobalSection
EndGlobal
